
Microsoft Visual Studio Solution File, Format Version 12.00
# Visual Studio Version 16
VisualStudioVersion = 16.0.30621.155
MinimumVisualStudioVersion = 10.0.40219.1
Project("{FAE04EC0-301F-11D3-BF4B-00C04F79EFBC}") = "DrawPQ", "DrawPQ\DrawPQ.csproj", "{2712DF96-BA6A-47A4-BC04-936DB2E158F0}"
EndProject
Global
	GlobalSection(SolutionConfigurationPlatforms) = preSolution
		Debug|Any CPU = Debug|Any CPU
		Release|Any CPU = Release|Any CPU
	EndGlobalSection
	GlobalSection(ProjectConfigurationPlatforms) = postSolution
		{2712DF96-BA6A-47A4-BC04-936DB2E158F0}.Debug|Any CPU.ActiveCfg = Debug|Any CPU
		{2712DF96-BA6A-47A4-BC04-936DB2E158F0}.Debug|Any CPU.Build.0 = Debug|Any CPU
		{2712DF96-BA6A-47A4-BC04-936DB2E158F0}.Release|Any CPU.ActiveCfg = Release|Any CPU
		{2712DF96-BA6A-47A4-BC04-936DB2E158F0}.Release|Any CPU.Build.0 = Release|Any CPU
	EndGlobalSection
	GlobalSection(SolutionProperties) = preSolution
		HideSolutionNode = FALSE
	EndGlobalSection
	GlobalSection(ExtensibilityGlobals) = postSolution
		SolutionGuid = {2FD6B093-8E3A-4375-B399-AFE67815AC84}
	EndGlobalSection
EndGlobal
