
Microsoft Visual Studio Solution File, Format Version 12.00
# Visual Studio Version 16
VisualStudioVersion = 16.0.29306.81
MinimumVisualStudioVersion = 10.0.40219.1
Project("{9092AA53-FB77-4645-B42D-1CCCA6BD08BD}") = "PQ_main", "PQ_main\PQ_main.njsproj", "{467CC5D3-8C91-4A66-8219-9A6EFA4454D2}"
EndProject
Global
	GlobalSection(SolutionConfigurationPlatforms) = preSolution
		Debug|Any CPU = Debug|Any CPU
		Release|Any CPU = Release|Any CPU
	EndGlobalSection
	GlobalSection(ProjectConfigurationPlatforms) = postSolution
		{467CC5D3-8C91-4A66-8219-9A6EFA4454D2}.Debug|Any CPU.ActiveCfg = Debug|Any CPU
		{467CC5D3-8C91-4A66-8219-9A6EFA4454D2}.Debug|Any CPU.Build.0 = Debug|Any CPU
		{467CC5D3-8C91-4A66-8219-9A6EFA4454D2}.Release|Any CPU.ActiveCfg = Release|Any CPU
		{467CC5D3-8C91-4A66-8219-9A6EFA4454D2}.Release|Any CPU.Build.0 = Release|Any CPU
	EndGlobalSection
	GlobalSection(SolutionProperties) = preSolution
		HideSolutionNode = FALSE
	EndGlobalSection
	GlobalSection(ExtensibilityGlobals) = postSolution
		SolutionGuid = {C42DB3F6-5301-4F1A-A9F1-7A0B6A3D247A}
	EndGlobalSection
EndGlobal
